
Microsoft Visual Studio Solution File, Format Version 12.00
# Visual Studio Version 16
VisualStudioVersion = 16.0.30204.135
MinimumVisualStudioVersion = 10.0.40219.1
Project("{FAE04EC0-301F-11D3-BF4B-00C04F79EFBC}") = "Some3D", "Some3D\Some3D.csproj", "{9A4086B7-E681-4CBC-B41D-67D2B2767239}"
EndProject
Global
	GlobalSection(SolutionConfigurationPlatforms) = preSolution
		Debug|Any CPU = Debug|Any CPU
		Release|Any CPU = Release|Any CPU
	EndGlobalSection
	GlobalSection(ProjectConfigurationPlatforms) = postSolution
		{9A4086B7-E681-4CBC-B41D-67D2B2767239}.Debug|Any CPU.ActiveCfg = Debug|Any CPU
		{9A4086B7-E681-4CBC-B41D-67D2B2767239}.Debug|Any CPU.Build.0 = Debug|Any CPU
		{9A4086B7-E681-4CBC-B41D-67D2B2767239}.Release|Any CPU.ActiveCfg = Release|Any CPU
		{9A4086B7-E681-4CBC-B41D-67D2B2767239}.Release|Any CPU.Build.0 = Release|Any CPU
	EndGlobalSection
	GlobalSection(SolutionProperties) = preSolution
		HideSolutionNode = FALSE
	EndGlobalSection
	GlobalSection(ExtensibilityGlobals) = postSolution
		SolutionGuid = {91AAAC11-F4B3-47E3-83A1-520866AF50F2}
	EndGlobalSection
EndGlobal
